
Microsoft Visual Studio Solution File, Format Version 12.00
# Visual Studio Version 17
VisualStudioVersion = 17.10.34916.146
MinimumVisualStudioVersion = 10.0.40219.1
Project("{FAE04EC0-301F-11D3-BF4B-00C04F79EFBC}") = "AsyncTcp", "AsyncTcp.csproj", "{C3EF45CD-989B-4885-979A-7FDCE3BF19BF}"
EndProject
Global
	GlobalSection(SolutionConfigurationPlatforms) = preSolution
		Debug|Any CPU = Debug|Any CPU
		Release|Any CPU = Release|Any CPU
	EndGlobalSection
	GlobalSection(ProjectConfigurationPlatforms) = postSolution
		{C3EF45CD-989B-4885-979A-7FDCE3BF19BF}.Debug|Any CPU.ActiveCfg = Debug|Any CPU
		{C3EF45CD-989B-4885-979A-7FDCE3BF19BF}.Debug|Any CPU.Build.0 = Debug|Any CPU
		{C3EF45CD-989B-4885-979A-7FDCE3BF19BF}.Release|Any CPU.ActiveCfg = Release|Any CPU
		{C3EF45CD-989B-4885-979A-7FDCE3BF19BF}.Release|Any CPU.Build.0 = Release|Any CPU
	EndGlobalSection
	GlobalSection(SolutionProperties) = preSolution
		HideSolutionNode = FALSE
	EndGlobalSection
	GlobalSection(ExtensibilityGlobals) = postSolution
		SolutionGuid = {DB37B4D8-581B-4302-BB9C-BB91F2ECE6BB}
	EndGlobalSection
EndGlobal
